
Microsoft Visual Studio Solution File, Format Version 12.00
# Visual Studio Version 16
VisualStudioVersion = 16.0.31829.152
MinimumVisualStudioVersion = 10.0.40219.1
Project("{9A19103F-16F7-4668-BE54-9A1E7A4F7556}") = "RehberApp.Entities", "Rehber.Entities\RehberApp.Entities.csproj", "{F3E363CE-EF2E-4972-9D47-F5A61295DFD7}"
EndProject
Project("{9A19103F-16F7-4668-BE54-9A1E7A4F7556}") = "RehberApp.Core", "Rehber.Core\RehberApp.Core.csproj", "{A9BFCDE0-AC73-4AB1-A36A-D3648E775531}"
EndProject
Project("{9A19103F-16F7-4668-BE54-9A1E7A4F7556}") = "RehberApp.DataAccess", "Rehber.DataAccess\RehberApp.DataAccess.csproj", "{C08DFBD1-E999-4B08-8F8E-21EDFB82231E}"
EndProject
Project("{9A19103F-16F7-4668-BE54-9A1E7A4F7556}") = "RehberApp.Business", "RehberApp.Business\RehberApp.Business.csproj", "{B29030C7-2FB1-42A5-B356-EF42D9CFC43A}"
EndProject
Project("{FAE04EC0-301F-11D3-BF4B-00C04F79EFBC}") = "RehberApp.API", "RehberApp.API\RehberApp.API.csproj", "{B756B9F2-B520-4E11-A081-6A5DBAF8C369}"
EndProject
Global
	GlobalSection(SolutionConfigurationPlatforms) = preSolution
		Debug|Any CPU = Debug|Any CPU
		Release|Any CPU = Release|Any CPU
	EndGlobalSection
	GlobalSection(ProjectConfigurationPlatforms) = postSolution
		{F3E363CE-EF2E-4972-9D47-F5A61295DFD7}.Debug|Any CPU.ActiveCfg = Debug|Any CPU
		{F3E363CE-EF2E-4972-9D47-F5A61295DFD7}.Debug|Any CPU.Build.0 = Debug|Any CPU
		{F3E363CE-EF2E-4972-9D47-F5A61295DFD7}.Release|Any CPU.ActiveCfg = Release|Any CPU
		{F3E363CE-EF2E-4972-9D47-F5A61295DFD7}.Release|Any CPU.Build.0 = Release|Any CPU
		{A9BFCDE0-AC73-4AB1-A36A-D3648E775531}.Debug|Any CPU.ActiveCfg = Debug|Any CPU
		{A9BFCDE0-AC73-4AB1-A36A-D3648E775531}.Debug|Any CPU.Build.0 = Debug|Any CPU
		{A9BFCDE0-AC73-4AB1-A36A-D3648E775531}.Release|Any CPU.ActiveCfg = Release|Any CPU
		{A9BFCDE0-AC73-4AB1-A36A-D3648E775531}.Release|Any CPU.Build.0 = Release|Any CPU
		{C08DFBD1-E999-4B08-8F8E-21EDFB82231E}.Debug|Any CPU.ActiveCfg = Debug|Any CPU
		{C08DFBD1-E999-4B08-8F8E-21EDFB82231E}.Debug|Any CPU.Build.0 = Debug|Any CPU
		{C08DFBD1-E999-4B08-8F8E-21EDFB82231E}.Release|Any CPU.ActiveCfg = Release|Any CPU
		{C08DFBD1-E999-4B08-8F8E-21EDFB82231E}.Release|Any CPU.Build.0 = Release|Any CPU
		{B29030C7-2FB1-42A5-B356-EF42D9CFC43A}.Debug|Any CPU.ActiveCfg = Debug|Any CPU
		{B29030C7-2FB1-42A5-B356-EF42D9CFC43A}.Debug|Any CPU.Build.0 = Debug|Any CPU
		{B29030C7-2FB1-42A5-B356-EF42D9CFC43A}.Release|Any CPU.ActiveCfg = Release|Any CPU
		{B29030C7-2FB1-42A5-B356-EF42D9CFC43A}.Release|Any CPU.Build.0 = Release|Any CPU
		{B756B9F2-B520-4E11-A081-6A5DBAF8C369}.Debug|Any CPU.ActiveCfg = Debug|Any CPU
		{B756B9F2-B520-4E11-A081-6A5DBAF8C369}.Debug|Any CPU.Build.0 = Debug|Any CPU
		{B756B9F2-B520-4E11-A081-6A5DBAF8C369}.Release|Any CPU.ActiveCfg = Release|Any CPU
		{B756B9F2-B520-4E11-A081-6A5DBAF8C369}.Release|Any CPU.Build.0 = Release|Any CPU
	EndGlobalSection
	GlobalSection(SolutionProperties) = preSolution
		HideSolutionNode = FALSE
	EndGlobalSection
	GlobalSection(ExtensibilityGlobals) = postSolution
		SolutionGuid = {8E1A0CFE-4979-46B8-A647-6049B3C9395E}
	EndGlobalSection
EndGlobal
